
Microsoft Visual Studio Solution File, Format Version 12.00
# Visual Studio Version 17
VisualStudioVersion = 17.14.36429.23 d17.14
MinimumVisualStudioVersion = 10.0.40219.1
Project("{2150E333-8FDC-42A3-9474-1A3956D46DE8}") = "Task0", "Task0", "{02EA681E-C7D8-13C7-8484-4AC65E1B71E8}"
EndProject
Project("{FAE04EC0-301F-11D3-BF4B-00C04F79EFBC}") = "Tyuiu.UsoltsevGP.Sprint6.Task0.V18.Lib", "Tyuiu.UsoltsevGP.Sprint6.Task0.V18.Lib\Tyuiu.UsoltsevGP.Sprint6.Task0.V18.Lib.csproj", "{5A293E8A-99CD-41D0-99E0-E59AA7F74823}"
EndProject
Project("{FAE04EC0-301F-11D3-BF4B-00C04F79EFBC}") = "Tyuiu.UsoltsevGP.Sprint6.Task0.V18.Test", "Tyuiu.UsoltsevGP.Sprint6.Task0.V18.Test\Tyuiu.UsoltsevGP.Sprint6.Task0.V18.Test.csproj", "{923149AC-305F-4D88-9FE1-84F635341EB9}"
EndProject
Project("{FAE04EC0-301F-11D3-BF4B-00C04F79EFBC}") = "Tyuiu.UsoltsevGP.Sprint6.Task0.V18", "Tyuiu.UsoltsevGP.Sprint6.Task0.V18\Tyuiu.UsoltsevGP.Sprint6.Task0.V18.csproj", "{8ACF2BE2-A4DB-4E0C-94B6-71E399FF447A}"
EndProject
Project("{2150E333-8FDC-42A3-9474-1A3956D46DE8}") = "Task1", "Task1", "{76EF5428-6FC0-4D16-81E2-26A799B35B7A}"
EndProject
Project("{FAE04EC0-301F-11D3-BF4B-00C04F79EFBC}") = "Tyuiu.UsoltsevGP.Sprint6.Task1.V2.Lib", "Tyuiu.UsoltsevGP.Sprint6.Task1.V2.Lib\Tyuiu.UsoltsevGP.Sprint6.Task1.V2.Lib.csproj", "{AC97EF0E-0646-4EC9-BB36-AE82E3146809}"
EndProject
Project("{FAE04EC0-301F-11D3-BF4B-00C04F79EFBC}") = "Tyuiu.UsoltsevGP.Sprint6.Task1.V2.Test", "Tyuiu.UsoltsevGP.Sprint6.Task1.V2.Test\Tyuiu.UsoltsevGP.Sprint6.Task1.V2.Test.csproj", "{6124624E-DAB6-4DE7-8C72-1C10FAAA8194}"
EndProject
Project("{FAE04EC0-301F-11D3-BF4B-00C04F79EFBC}") = "Tyuiu.UsoltsevGP.Sprint6.Task1.V2", "Tyuiu.UsoltsevGP.Sprint6.Task1.V2\Tyuiu.UsoltsevGP.Sprint6.Task1.V2.csproj", "{ADF7963C-5B8D-4646-AC1F-87695EFC9F30}"
EndProject
Project("{2150E333-8FDC-42A3-9474-1A3956D46DE8}") = "Task2", "Task2", "{4187869C-1009-4122-A658-7F5957F6D299}"
EndProject
Project("{2150E333-8FDC-42A3-9474-1A3956D46DE8}") = "Task3", "Task3", "{5544D22F-6B77-4B8A-9F64-63E5024046CE}"
EndProject
Project("{2150E333-8FDC-42A3-9474-1A3956D46DE8}") = "Task4", "Task4", "{6BD405EA-D1B3-4EBA-850F-0FFF1A67D844}"
EndProject
Project("{2150E333-8FDC-42A3-9474-1A3956D46DE8}") = "Task5", "Task5", "{1FA5CE7C-44DE-4438-BC0E-7B6BE60C171D}"
EndProject
Project("{2150E333-8FDC-42A3-9474-1A3956D46DE8}") = "Task6", "Task6", "{40D5A033-740D-4D56-A6D2-8B319EEE134D}"
EndProject
Project("{2150E333-8FDC-42A3-9474-1A3956D46DE8}") = "Task7", "Task7", "{6A052915-3216-4D8E-B80D-B22EC403F10A}"
EndProject
Project("{FAE04EC0-301F-11D3-BF4B-00C04F79EFBC}") = "Tyuiu.UsoltsevGP.Sprint6.Task2.V24.Lib", "Tyuiu.UsoltsevGP.Sprint6.Task2.V24.Lib\Tyuiu.UsoltsevGP.Sprint6.Task2.V24.Lib.csproj", "{441225BD-F945-4BF4-943C-30984BF74369}"
EndProject
Project("{FAE04EC0-301F-11D3-BF4B-00C04F79EFBC}") = "Tyuiu.UsoltsevGP.Sprint6.Task2.V24.Test", "Tyuiu.UsoltsevGP.Sprint6.Task2.V24.Test\Tyuiu.UsoltsevGP.Sprint6.Task2.V24.Test.csproj", "{BE47AB7C-EBC5-4283-B15D-8EE9429F3584}"
EndProject
Project("{FAE04EC0-301F-11D3-BF4B-00C04F79EFBC}") = "Tyuiu.UsoltsevGP.Sprint6.Task3.V29.Lib", "Tyuiu.UsoltsevGP.Sprint6.Task3.V29.Lib\Tyuiu.UsoltsevGP.Sprint6.Task3.V29.Lib.csproj", "{CCE000E2-3C83-4E6C-85FE-A342D303D1C8}"
EndProject
Project("{FAE04EC0-301F-11D3-BF4B-00C04F79EFBC}") = "Tyuiu.UsoltsevGP.Sprint6.Task3.V29.Test", "Tyuiu.UsoltsevGP.Sprint6.Task3.V29.Test\Tyuiu.UsoltsevGP.Sprint6.Task3.V29.Test.csproj", "{B4B10DD6-77EC-4242-987E-036C7120C59B}"
EndProject
Project("{FAE04EC0-301F-11D3-BF4B-00C04F79EFBC}") = "Tyuiu.UsoltsevGP.Sprint6.Task4.V8.Lib", "Tyuiu.UsoltsevGP.Sprint6.Task4.V8.Lib\Tyuiu.UsoltsevGP.Sprint6.Task4.V8.Lib.csproj", "{6817E2C1-1C1C-4C3D-95E9-D452B6D2DA6B}"
EndProject
Project("{FAE04EC0-301F-11D3-BF4B-00C04F79EFBC}") = "Tyuiu.UsoltsevGP.Sprint6.Task4.V8.Test", "Tyuiu.UsoltsevGP.Sprint6.Task4.V8.Test\Tyuiu.UsoltsevGP.Sprint6.Task4.V8.Test.csproj", "{0534B0D6-36BE-4D28-856B-F40449F618D0}"
EndProject
Project("{FAE04EC0-301F-11D3-BF4B-00C04F79EFBC}") = "Tyuiu.UsoltsevGP.Sprint6.Task5.V28.Lib", "Tyuiu.UsoltsevGP.Sprint6.Task5.V28.Lib\Tyuiu.UsoltsevGP.Sprint6.Task5.V28.Lib.csproj", "{6172D290-8DAD-449E-8BB0-DEC24216EB23}"
EndProject
Project("{FAE04EC0-301F-11D3-BF4B-00C04F79EFBC}") = "Tyuiu.UsoltsevGP.Sprint6.Task5.V28.Test", "Tyuiu.UsoltsevGP.Sprint6.Task5.V28.Test\Tyuiu.UsoltsevGP.Sprint6.Task5.V28.Test.csproj", "{6B2562F2-EE02-472E-9BCC-71156C273B0D}"
EndProject
Project("{FAE04EC0-301F-11D3-BF4B-00C04F79EFBC}") = "Tyuiu.UsoltsevGP.Sprint6.Task6.V11.Lib", "Tyuiu.UsoltsevGP.Sprint6.Task6.V11.Lib\Tyuiu.UsoltsevGP.Sprint6.Task6.V11.Lib.csproj", "{FF1572A9-2E4D-4887-8EEF-6440BFC21E52}"
EndProject
Project("{FAE04EC0-301F-11D3-BF4B-00C04F79EFBC}") = "Tyuiu.UsoltsevGP.Sprint6.Task6.V11.Test", "Tyuiu.UsoltsevGP.Sprint6.Task6.V11.Test\Tyuiu.UsoltsevGP.Sprint6.Task6.V11.Test.csproj", "{B2AB0E28-984B-4A09-B380-04B53B5BB9BA}"
EndProject
Project("{FAE04EC0-301F-11D3-BF4B-00C04F79EFBC}") = "Tyuiu.UsoltsevGP.Sprint6.Task7.V7.Lib", "Tyuiu.UsoltsevGP.Sprint6.Task7.V7.Lib\Tyuiu.UsoltsevGP.Sprint6.Task7.V7.Lib.csproj", "{D28E5B9A-8ACA-4061-B9C6-A08817A97BB3}"
EndProject
Project("{FAE04EC0-301F-11D3-BF4B-00C04F79EFBC}") = "Tyuiu.UsoltsevGP.Sprint6.Task7.V7.Test", "Tyuiu.UsoltsevGP.Sprint6.Task7.V7.Test\Tyuiu.UsoltsevGP.Sprint6.Task7.V7.Test.csproj", "{0E43D61D-2F03-4D43-BB80-50E77A6ED23D}"
EndProject
Global
	GlobalSection(SolutionConfigurationPlatforms) = preSolution
		Debug|Any CPU = Debug|Any CPU
		Release|Any CPU = Release|Any CPU
	EndGlobalSection
	GlobalSection(ProjectConfigurationPlatforms) = postSolution
		{5A293E8A-99CD-41D0-99E0-E59AA7F74823}.Debug|Any CPU.ActiveCfg = Debug|Any CPU
		{5A293E8A-99CD-41D0-99E0-E59AA7F74823}.Debug|Any CPU.Build.0 = Debug|Any CPU
		{5A293E8A-99CD-41D0-99E0-E59AA7F74823}.Release|Any CPU.ActiveCfg = Release|Any CPU
		{5A293E8A-99CD-41D0-99E0-E59AA7F74823}.Release|Any CPU.Build.0 = Release|Any CPU
		{923149AC-305F-4D88-9FE1-84F635341EB9}.Debug|Any CPU.ActiveCfg = Debug|Any CPU
		{923149AC-305F-4D88-9FE1-84F635341EB9}.Debug|Any CPU.Build.0 = Debug|Any CPU
		{923149AC-305F-4D88-9FE1-84F635341EB9}.Release|Any CPU.ActiveCfg = Release|Any CPU
		{923149AC-305F-4D88-9FE1-84F635341EB9}.Release|Any CPU.Build.0 = Release|Any CPU
		{8ACF2BE2-A4DB-4E0C-94B6-71E399FF447A}.Debug|Any CPU.ActiveCfg = Debug|Any CPU
		{8ACF2BE2-A4DB-4E0C-94B6-71E399FF447A}.Debug|Any CPU.Build.0 = Debug|Any CPU
		{8ACF2BE2-A4DB-4E0C-94B6-71E399FF447A}.Release|Any CPU.ActiveCfg = Release|Any CPU
		{8ACF2BE2-A4DB-4E0C-94B6-71E399FF447A}.Release|Any CPU.Build.0 = Release|Any CPU
		{AC97EF0E-0646-4EC9-BB36-AE82E3146809}.Debug|Any CPU.ActiveCfg = Debug|Any CPU
		{AC97EF0E-0646-4EC9-BB36-AE82E3146809}.Debug|Any CPU.Build.0 = Debug|Any CPU
		{AC97EF0E-0646-4EC9-BB36-AE82E3146809}.Release|Any CPU.ActiveCfg = Release|Any CPU
		{AC97EF0E-0646-4EC9-BB36-AE82E3146809}.Release|Any CPU.Build.0 = Release|Any CPU
		{6124624E-DAB6-4DE7-8C72-1C10FAAA8194}.Debug|Any CPU.ActiveCfg = Debug|Any CPU
		{6124624E-DAB6-4DE7-8C72-1C10FAAA8194}.Debug|Any CPU.Build.0 = Debug|Any CPU
		{6124624E-DAB6-4DE7-8C72-1C10FAAA8194}.Release|Any CPU.ActiveCfg = Release|Any CPU
		{6124624E-DAB6-4DE7-8C72-1C10FAAA8194}.Release|Any CPU.Build.0 = Release|Any CPU
		{ADF7963C-5B8D-4646-AC1F-87695EFC9F30}.Debug|Any CPU.ActiveCfg = Debug|Any CPU
		{ADF7963C-5B8D-4646-AC1F-87695EFC9F30}.Debug|Any CPU.Build.0 = Debug|Any CPU
		{ADF7963C-5B8D-4646-AC1F-87695EFC9F30}.Release|Any CPU.ActiveCfg = Release|Any CPU
		{ADF7963C-5B8D-4646-AC1F-87695EFC9F30}.Release|Any CPU.Build.0 = Release|Any CPU
		{441225BD-F945-4BF4-943C-30984BF74369}.Debug|Any CPU.ActiveCfg = Debug|Any CPU
		{441225BD-F945-4BF4-943C-30984BF74369}.Debug|Any CPU.Build.0 = Debug|Any CPU
		{441225BD-F945-4BF4-943C-30984BF74369}.Release|Any CPU.ActiveCfg = Release|Any CPU
		{441225BD-F945-4BF4-943C-30984BF74369}.Release|Any CPU.Build.0 = Release|Any CPU
		{BE47AB7C-EBC5-4283-B15D-8EE9429F3584}.Debug|Any CPU.ActiveCfg = Debug|Any CPU
		{BE47AB7C-EBC5-4283-B15D-8EE9429F3584}.Debug|Any CPU.Build.0 = Debug|Any CPU
		{BE47AB7C-EBC5-4283-B15D-8EE9429F3584}.Release|Any CPU.ActiveCfg = Release|Any CPU
		{BE47AB7C-EBC5-4283-B15D-8EE9429F3584}.Release|Any CPU.Build.0 = Release|Any CPU
		{CCE000E2-3C83-4E6C-85FE-A342D303D1C8}.Debug|Any CPU.ActiveCfg = Debug|Any CPU
		{CCE000E2-3C83-4E6C-85FE-A342D303D1C8}.Debug|Any CPU.Build.0 = Debug|Any CPU
		{CCE000E2-3C83-4E6C-85FE-A342D303D1C8}.Release|Any CPU.ActiveCfg = Release|Any CPU
		{CCE000E2-3C83-4E6C-85FE-A342D303D1C8}.Release|Any CPU.Build.0 = Release|Any CPU
		{B4B10DD6-77EC-4242-987E-036C7120C59B}.Debug|Any CPU.ActiveCfg = Debug|Any CPU
		{B4B10DD6-77EC-4242-987E-036C7120C59B}.Debug|Any CPU.Build.0 = Debug|Any CPU
		{B4B10DD6-77EC-4242-987E-036C7120C59B}.Release|Any CPU.ActiveCfg = Release|Any CPU
		{B4B10DD6-77EC-4242-987E-036C7120C59B}.Release|Any CPU.Build.0 = Release|Any CPU
		{6817E2C1-1C1C-4C3D-95E9-D452B6D2DA6B}.Debug|Any CPU.ActiveCfg = Debug|Any CPU
		{6817E2C1-1C1C-4C3D-95E9-D452B6D2DA6B}.Debug|Any CPU.Build.0 = Debug|Any CPU
		{6817E2C1-1C1C-4C3D-95E9-D452B6D2DA6B}.Release|Any CPU.ActiveCfg = Release|Any CPU
		{6817E2C1-1C1C-4C3D-95E9-D452B6D2DA6B}.Release|Any CPU.Build.0 = Release|Any CPU
		{0534B0D6-36BE-4D28-856B-F40449F618D0}.Debug|Any CPU.ActiveCfg = Debug|Any CPU
		{0534B0D6-36BE-4D28-856B-F40449F618D0}.Debug|Any CPU.Build.0 = Debug|Any CPU
		{0534B0D6-36BE-4D28-856B-F40449F618D0}.Release|Any CPU.ActiveCfg = Release|Any CPU
		{0534B0D6-36BE-4D28-856B-F40449F618D0}.Release|Any CPU.Build.0 = Release|Any CPU
		{6172D290-8DAD-449E-8BB0-DEC24216EB23}.Debug|Any CPU.ActiveCfg = Debug|Any CPU
		{6172D290-8DAD-449E-8BB0-DEC24216EB23}.Debug|Any CPU.Build.0 = Debug|Any CPU
		{6172D290-8DAD-449E-8BB0-DEC24216EB23}.Release|Any CPU.ActiveCfg = Release|Any CPU
		{6172D290-8DAD-449E-8BB0-DEC24216EB23}.Release|Any CPU.Build.0 = Release|Any CPU
		{6B2562F2-EE02-472E-9BCC-71156C273B0D}.Debug|Any CPU.ActiveCfg = Debug|Any CPU
		{6B2562F2-EE02-472E-9BCC-71156C273B0D}.Debug|Any CPU.Build.0 = Debug|Any CPU
		{6B2562F2-EE02-472E-9BCC-71156C273B0D}.Release|Any CPU.ActiveCfg = Release|Any CPU
		{6B2562F2-EE02-472E-9BCC-71156C273B0D}.Release|Any CPU.Build.0 = Release|Any CPU
		{FF1572A9-2E4D-4887-8EEF-6440BFC21E52}.Debug|Any CPU.ActiveCfg = Debug|Any CPU
		{FF1572A9-2E4D-4887-8EEF-6440BFC21E52}.Debug|Any CPU.Build.0 = Debug|Any CPU
		{FF1572A9-2E4D-4887-8EEF-6440BFC21E52}.Release|Any CPU.ActiveCfg = Release|Any CPU
		{FF1572A9-2E4D-4887-8EEF-6440BFC21E52}.Release|Any CPU.Build.0 = Release|Any CPU
		{B2AB0E28-984B-4A09-B380-04B53B5BB9BA}.Debug|Any CPU.ActiveCfg = Debug|Any CPU
		{B2AB0E28-984B-4A09-B380-04B53B5BB9BA}.Debug|Any CPU.Build.0 = Debug|Any CPU
		{B2AB0E28-984B-4A09-B380-04B53B5BB9BA}.Release|Any CPU.ActiveCfg = Release|Any CPU
		{B2AB0E28-984B-4A09-B380-04B53B5BB9BA}.Release|Any CPU.Build.0 = Release|Any CPU
		{D28E5B9A-8ACA-4061-B9C6-A08817A97BB3}.Debug|Any CPU.ActiveCfg = Debug|Any CPU
		{D28E5B9A-8ACA-4061-B9C6-A08817A97BB3}.Debug|Any CPU.Build.0 = Debug|Any CPU
		{D28E5B9A-8ACA-4061-B9C6-A08817A97BB3}.Release|Any CPU.ActiveCfg = Release|Any CPU
		{D28E5B9A-8ACA-4061-B9C6-A08817A97BB3}.Release|Any CPU.Build.0 = Release|Any CPU
		{0E43D61D-2F03-4D43-BB80-50E77A6ED23D}.Debug|Any CPU.ActiveCfg = Debug|Any CPU
		{0E43D61D-2F03-4D43-BB80-50E77A6ED23D}.Debug|Any CPU.Build.0 = Debug|Any CPU
		{0E43D61D-2F03-4D43-BB80-50E77A6ED23D}.Release|Any CPU.ActiveCfg = Release|Any CPU
		{0E43D61D-2F03-4D43-BB80-50E77A6ED23D}.Release|Any CPU.Build.0 = Release|Any CPU
	EndGlobalSection
	GlobalSection(SolutionProperties) = preSolution
		HideSolutionNode = FALSE
	EndGlobalSection
	GlobalSection(NestedProjects) = preSolution
		{5A293E8A-99CD-41D0-99E0-E59AA7F74823} = {02EA681E-C7D8-13C7-8484-4AC65E1B71E8}
		{923149AC-305F-4D88-9FE1-84F635341EB9} = {02EA681E-C7D8-13C7-8484-4AC65E1B71E8}
		{8ACF2BE2-A4DB-4E0C-94B6-71E399FF447A} = {02EA681E-C7D8-13C7-8484-4AC65E1B71E8}
		{AC97EF0E-0646-4EC9-BB36-AE82E3146809} = {76EF5428-6FC0-4D16-81E2-26A799B35B7A}
		{6124624E-DAB6-4DE7-8C72-1C10FAAA8194} = {76EF5428-6FC0-4D16-81E2-26A799B35B7A}
		{ADF7963C-5B8D-4646-AC1F-87695EFC9F30} = {76EF5428-6FC0-4D16-81E2-26A799B35B7A}
		{441225BD-F945-4BF4-943C-30984BF74369} = {4187869C-1009-4122-A658-7F5957F6D299}
		{BE47AB7C-EBC5-4283-B15D-8EE9429F3584} = {4187869C-1009-4122-A658-7F5957F6D299}
		{CCE000E2-3C83-4E6C-85FE-A342D303D1C8} = {5544D22F-6B77-4B8A-9F64-63E5024046CE}
		{B4B10DD6-77EC-4242-987E-036C7120C59B} = {5544D22F-6B77-4B8A-9F64-63E5024046CE}
		{6817E2C1-1C1C-4C3D-95E9-D452B6D2DA6B} = {6BD405EA-D1B3-4EBA-850F-0FFF1A67D844}
		{0534B0D6-36BE-4D28-856B-F40449F618D0} = {6BD405EA-D1B3-4EBA-850F-0FFF1A67D844}
		{6172D290-8DAD-449E-8BB0-DEC24216EB23} = {1FA5CE7C-44DE-4438-BC0E-7B6BE60C171D}
		{6B2562F2-EE02-472E-9BCC-71156C273B0D} = {1FA5CE7C-44DE-4438-BC0E-7B6BE60C171D}
		{FF1572A9-2E4D-4887-8EEF-6440BFC21E52} = {40D5A033-740D-4D56-A6D2-8B319EEE134D}
		{B2AB0E28-984B-4A09-B380-04B53B5BB9BA} = {40D5A033-740D-4D56-A6D2-8B319EEE134D}
		{D28E5B9A-8ACA-4061-B9C6-A08817A97BB3} = {6A052915-3216-4D8E-B80D-B22EC403F10A}
		{0E43D61D-2F03-4D43-BB80-50E77A6ED23D} = {6A052915-3216-4D8E-B80D-B22EC403F10A}
	EndGlobalSection
	GlobalSection(ExtensibilityGlobals) = postSolution
		SolutionGuid = {884D3DF4-7E68-417B-A3DA-8290F4720907}
	EndGlobalSection
EndGlobal
